---

- name: Block IP Address with UFW
  hosts: node
  become: true

  tasks:
    - name: Ensure UFW is installed
      apt:
        name: ufw
        state: present

    - name: Block Specific IP Address
      command: ufw deny from "192.168.56.113"

    - name: Enable UFW
      command: ufw --force enable

    - name: Get UFW status
      command: ufw status
      register: ufw_status

    - name: Check if IP is blocked
      debug:
        msg: "{{ 'IP is blocked' if ('192.168.56.106' in ufw_status.stdout) else 'IP is not blocked' }}"
